
Microsoft Visual Studio Solution File, Format Version 12.00
# Visual Studio Version 18
VisualStudioVersion = 18.9.12120.119 stable
MinimumVisualStudioVersion = 10.0.40219.1
Project("{9A19103F-16F7-4668-BE54-9A1E7A4F7556}") = "WebApiMediatorCQRS", "WebApiMediatorCQRS\WebApiMediatorCQRS.csproj", "{CF13EFA0-68A7-4721-B346-4B0BB1B0EA3E}"
EndProject
Project("{2150E333-8FDC-42A3-9474-1A3956D46DE8}") = "Solution Items", "Solution Items", "{F2C52F13-BB51-4A1E-8C1D-94A36856507C}"
	ProjectSection(SolutionItems) = preProject
		notes.txt = notes.txt
		readme.md = readme.md
	EndProjectSection
EndProject
Project("{FAE04EC0-301F-11D3-BF4B-00C04F79EFBC}") = "AspireAppHost.AppHost", "AspireAppHost\AspireAppHost.AppHost\AspireAppHost.AppHost.csproj", "{397044D8-88BA-4A17-AADA-25054C222A3B}"
EndProject
Project("{FAE04EC0-301F-11D3-BF4B-00C04F79EFBC}") = "AspireAppHost.ServiceDefaults", "AspireAppHost\AspireAppHost.ServiceDefaults\AspireAppHost.ServiceDefaults.csproj", "{577C5D39-CDC5-3901-5971-FEA8D410833A}"
EndProject
Global
	GlobalSection(SolutionConfigurationPlatforms) = preSolution
		Debug|Any CPU = Debug|Any CPU
		Release|Any CPU = Release|Any CPU
	EndGlobalSection
	GlobalSection(ProjectConfigurationPlatforms) = postSolution
		{CF13EFA0-68A7-4721-B346-4B0BB1B0EA3E}.Debug|Any CPU.ActiveCfg = Debug|Any CPU
		{CF13EFA0-68A7-4721-B346-4B0BB1B0EA3E}.Debug|Any CPU.Build.0 = Debug|Any CPU
		{CF13EFA0-68A7-4721-B346-4B0BB1B0EA3E}.Release|Any CPU.ActiveCfg = Release|Any CPU
		{CF13EFA0-68A7-4721-B346-4B0BB1B0EA3E}.Release|Any CPU.Build.0 = Release|Any CPU
		{397044D8-88BA-4A17-AADA-25054C222A3B}.Debug|Any CPU.ActiveCfg = Debug|Any CPU
		{397044D8-88BA-4A17-AADA-25054C222A3B}.Debug|Any CPU.Build.0 = Debug|Any CPU
		{397044D8-88BA-4A17-AADA-25054C222A3B}.Release|Any CPU.ActiveCfg = Release|Any CPU
		{397044D8-88BA-4A17-AADA-25054C222A3B}.Release|Any CPU.Build.0 = Release|Any CPU
		{577C5D39-CDC5-3901-5971-FEA8D410833A}.Debug|Any CPU.ActiveCfg = Debug|Any CPU
		{577C5D39-CDC5-3901-5971-FEA8D410833A}.Debug|Any CPU.Build.0 = Debug|Any CPU
		{577C5D39-CDC5-3901-5971-FEA8D410833A}.Release|Any CPU.ActiveCfg = Release|Any CPU
		{577C5D39-CDC5-3901-5971-FEA8D410833A}.Release|Any CPU.Build.0 = Release|Any CPU
	EndGlobalSection
	GlobalSection(SolutionProperties) = preSolution
		HideSolutionNode = FALSE
	EndGlobalSection
	GlobalSection(ExtensibilityGlobals) = postSolution
		SolutionGuid = {F590F1B8-C517-4A9C-B52B-E4B67DFAF2E0}
	EndGlobalSection
EndGlobal
